
Microsoft Visual Studio Solution File, Format Version 12.00
# Visual Studio Version 17
VisualStudioVersion = 17.9.34728.123
MinimumVisualStudioVersion = 10.0.40219.1
Project("{8BC9CEB8-8B4A-11D0-8D11-00A0C91BC942}") = "COM_1", "COM_1\COM_1.vcxproj", "{E0741701-52F8-4CDE-9397-8C369B9AA91A}"
EndProject
Project("{8BC9CEB8-8B4A-11D0-8D11-00A0C91BC942}") = "CLIENT_1", "CLIENT_1\CLIENT_1.vcxproj", "{9AF36FE7-38A4-4079-8743-B359E1C8DA05}"
EndProject
Project("{8BC9CEB8-8B4A-11D0-8D11-00A0C91BC942}") = "ATL_1", "ATL_1\ATL_1.vcxproj", "{64F55B58-D148-4A72-B04A-E2D271E4AAA4}"
EndProject
Project("{8BC9CEB8-8B4A-11D0-8D11-00A0C91BC942}") = "ATL_1PS", "ATL_1PS\ATL_1PS.vcxproj", "{48CCE14F-DE42-4F84-8051-8ABB529D4189}"
	ProjectSection(ProjectDependencies) = postProject
		{64F55B58-D148-4A72-B04A-E2D271E4AAA4} = {64F55B58-D148-4A72-B04A-E2D271E4AAA4}
	EndProjectSection
EndProject
Project("{FAE04EC0-301F-11D3-BF4B-00C04F79EFBC}") = "CLIENT_2_CSATL1", "CLIENT_2_CSATL1\CLIENT_2_CSATL1.csproj", "{31282A3B-8ACE-47A9-8648-27C1CB9B655D}"
EndProject
Project("{8BC9CEB8-8B4A-11D0-8D11-00A0C91BC942}") = "ATL_2_POLYGON", "ATL_2_POLYGON\ATL_2_POLYGON.vcxproj", "{15EAFEBC-ABA3-4FAA-9579-E1708064C259}"
EndProject
Project("{8BC9CEB8-8B4A-11D0-8D11-00A0C91BC942}") = "ATL_2_POLYGONPS", "ATL_2_POLYGONPS\ATL_2_POLYGONPS.vcxproj", "{9142002D-9F74-400B-9590-63B08BD34A71}"
	ProjectSection(ProjectDependencies) = postProject
		{15EAFEBC-ABA3-4FAA-9579-E1708064C259} = {15EAFEBC-ABA3-4FAA-9579-E1708064C259}
	EndProjectSection
EndProject
Global
	GlobalSection(SolutionConfigurationPlatforms) = preSolution
		Debug|Any CPU = Debug|Any CPU
		Debug|x64 = Debug|x64
		Debug|x86 = Debug|x86
		Release|Any CPU = Release|Any CPU
		Release|x64 = Release|x64
		Release|x86 = Release|x86
	EndGlobalSection
	GlobalSection(ProjectConfigurationPlatforms) = postSolution
		{E0741701-52F8-4CDE-9397-8C369B9AA91A}.Debug|Any CPU.ActiveCfg = Debug|x64
		{E0741701-52F8-4CDE-9397-8C369B9AA91A}.Debug|Any CPU.Build.0 = Debug|x64
		{E0741701-52F8-4CDE-9397-8C369B9AA91A}.Debug|x64.ActiveCfg = Debug|x64
		{E0741701-52F8-4CDE-9397-8C369B9AA91A}.Debug|x64.Build.0 = Debug|x64
		{E0741701-52F8-4CDE-9397-8C369B9AA91A}.Debug|x86.ActiveCfg = Debug|Win32
		{E0741701-52F8-4CDE-9397-8C369B9AA91A}.Debug|x86.Build.0 = Debug|Win32
		{E0741701-52F8-4CDE-9397-8C369B9AA91A}.Release|Any CPU.ActiveCfg = Release|x64
		{E0741701-52F8-4CDE-9397-8C369B9AA91A}.Release|Any CPU.Build.0 = Release|x64
		{E0741701-52F8-4CDE-9397-8C369B9AA91A}.Release|x64.ActiveCfg = Release|x64
		{E0741701-52F8-4CDE-9397-8C369B9AA91A}.Release|x86.ActiveCfg = Release|Win32
		{E0741701-52F8-4CDE-9397-8C369B9AA91A}.Release|x86.Build.0 = Release|Win32
		{9AF36FE7-38A4-4079-8743-B359E1C8DA05}.Debug|Any CPU.ActiveCfg = Debug|x64
		{9AF36FE7-38A4-4079-8743-B359E1C8DA05}.Debug|Any CPU.Build.0 = Debug|x64
		{9AF36FE7-38A4-4079-8743-B359E1C8DA05}.Debug|x64.ActiveCfg = Debug|x64
		{9AF36FE7-38A4-4079-8743-B359E1C8DA05}.Debug|x64.Build.0 = Debug|x64
		{9AF36FE7-38A4-4079-8743-B359E1C8DA05}.Debug|x86.ActiveCfg = Debug|Win32
		{9AF36FE7-38A4-4079-8743-B359E1C8DA05}.Debug|x86.Build.0 = Debug|Win32
		{9AF36FE7-38A4-4079-8743-B359E1C8DA05}.Release|Any CPU.ActiveCfg = Release|x64
		{9AF36FE7-38A4-4079-8743-B359E1C8DA05}.Release|Any CPU.Build.0 = Release|x64
		{9AF36FE7-38A4-4079-8743-B359E1C8DA05}.Release|x64.ActiveCfg = Release|x64
		{9AF36FE7-38A4-4079-8743-B359E1C8DA05}.Release|x86.ActiveCfg = Release|Win32
		{9AF36FE7-38A4-4079-8743-B359E1C8DA05}.Release|x86.Build.0 = Release|Win32
		{64F55B58-D148-4A72-B04A-E2D271E4AAA4}.Debug|Any CPU.ActiveCfg = Debug|x64
		{64F55B58-D148-4A72-B04A-E2D271E4AAA4}.Debug|Any CPU.Build.0 = Debug|x64
		{64F55B58-D148-4A72-B04A-E2D271E4AAA4}.Debug|x64.ActiveCfg = Debug|x64
		{64F55B58-D148-4A72-B04A-E2D271E4AAA4}.Debug|x64.Build.0 = Debug|x64
		{64F55B58-D148-4A72-B04A-E2D271E4AAA4}.Debug|x86.ActiveCfg = Debug|Win32
		{64F55B58-D148-4A72-B04A-E2D271E4AAA4}.Debug|x86.Build.0 = Debug|Win32
		{64F55B58-D148-4A72-B04A-E2D271E4AAA4}.Release|Any CPU.ActiveCfg = Release|x64
		{64F55B58-D148-4A72-B04A-E2D271E4AAA4}.Release|Any CPU.Build.0 = Release|x64
		{64F55B58-D148-4A72-B04A-E2D271E4AAA4}.Release|x64.ActiveCfg = Release|x64
		{64F55B58-D148-4A72-B04A-E2D271E4AAA4}.Release|x86.ActiveCfg = Release|Win32
		{64F55B58-D148-4A72-B04A-E2D271E4AAA4}.Release|x86.Build.0 = Release|Win32
		{48CCE14F-DE42-4F84-8051-8ABB529D4189}.Debug|Any CPU.ActiveCfg = Debug|x64
		{48CCE14F-DE42-4F84-8051-8ABB529D4189}.Debug|Any CPU.Build.0 = Debug|x64
		{48CCE14F-DE42-4F84-8051-8ABB529D4189}.Debug|x64.ActiveCfg = Debug|x64
		{48CCE14F-DE42-4F84-8051-8ABB529D4189}.Debug|x86.ActiveCfg = Debug|Win32
		{48CCE14F-DE42-4F84-8051-8ABB529D4189}.Release|Any CPU.ActiveCfg = Release|x64
		{48CCE14F-DE42-4F84-8051-8ABB529D4189}.Release|Any CPU.Build.0 = Release|x64
		{48CCE14F-DE42-4F84-8051-8ABB529D4189}.Release|x64.ActiveCfg = Release|x64
		{48CCE14F-DE42-4F84-8051-8ABB529D4189}.Release|x86.ActiveCfg = Release|Win32
		{31282A3B-8ACE-47A9-8648-27C1CB9B655D}.Debug|Any CPU.ActiveCfg = Debug|Any CPU
		{31282A3B-8ACE-47A9-8648-27C1CB9B655D}.Debug|Any CPU.Build.0 = Debug|Any CPU
		{31282A3B-8ACE-47A9-8648-27C1CB9B655D}.Debug|x64.ActiveCfg = Debug|Any CPU
		{31282A3B-8ACE-47A9-8648-27C1CB9B655D}.Debug|x64.Build.0 = Debug|Any CPU
		{31282A3B-8ACE-47A9-8648-27C1CB9B655D}.Debug|x86.ActiveCfg = Debug|Any CPU
		{31282A3B-8ACE-47A9-8648-27C1CB9B655D}.Debug|x86.Build.0 = Debug|Any CPU
		{31282A3B-8ACE-47A9-8648-27C1CB9B655D}.Release|Any CPU.ActiveCfg = Release|Any CPU
		{31282A3B-8ACE-47A9-8648-27C1CB9B655D}.Release|Any CPU.Build.0 = Release|Any CPU
		{31282A3B-8ACE-47A9-8648-27C1CB9B655D}.Release|x64.ActiveCfg = Release|Any CPU
		{31282A3B-8ACE-47A9-8648-27C1CB9B655D}.Release|x86.ActiveCfg = Release|Any CPU
		{31282A3B-8ACE-47A9-8648-27C1CB9B655D}.Release|x86.Build.0 = Release|Any CPU
		{15EAFEBC-ABA3-4FAA-9579-E1708064C259}.Debug|Any CPU.ActiveCfg = Debug|x64
		{15EAFEBC-ABA3-4FAA-9579-E1708064C259}.Debug|Any CPU.Build.0 = Debug|x64
		{15EAFEBC-ABA3-4FAA-9579-E1708064C259}.Debug|x64.ActiveCfg = Debug|x64
		{15EAFEBC-ABA3-4FAA-9579-E1708064C259}.Debug|x64.Build.0 = Debug|x64
		{15EAFEBC-ABA3-4FAA-9579-E1708064C259}.Debug|x86.ActiveCfg = Debug|Win32
		{15EAFEBC-ABA3-4FAA-9579-E1708064C259}.Debug|x86.Build.0 = Debug|Win32
		{15EAFEBC-ABA3-4FAA-9579-E1708064C259}.Release|Any CPU.ActiveCfg = Release|x64
		{15EAFEBC-ABA3-4FAA-9579-E1708064C259}.Release|Any CPU.Build.0 = Release|x64
		{15EAFEBC-ABA3-4FAA-9579-E1708064C259}.Release|x64.ActiveCfg = Release|x64
		{15EAFEBC-ABA3-4FAA-9579-E1708064C259}.Release|x64.Build.0 = Release|x64
		{15EAFEBC-ABA3-4FAA-9579-E1708064C259}.Release|x86.ActiveCfg = Release|Win32
		{15EAFEBC-ABA3-4FAA-9579-E1708064C259}.Release|x86.Build.0 = Release|Win32
		{9142002D-9F74-400B-9590-63B08BD34A71}.Debug|Any CPU.ActiveCfg = Debug|x64
		{9142002D-9F74-400B-9590-63B08BD34A71}.Debug|x64.ActiveCfg = Debug|x64
		{9142002D-9F74-400B-9590-63B08BD34A71}.Debug|x86.ActiveCfg = Debug|Win32
		{9142002D-9F74-400B-9590-63B08BD34A71}.Release|Any CPU.ActiveCfg = Release|x64
		{9142002D-9F74-400B-9590-63B08BD34A71}.Release|x64.ActiveCfg = Release|x64
		{9142002D-9F74-400B-9590-63B08BD34A71}.Release|x86.ActiveCfg = Release|Win32
	EndGlobalSection
	GlobalSection(SolutionProperties) = preSolution
		HideSolutionNode = FALSE
	EndGlobalSection
	GlobalSection(ExtensibilityGlobals) = postSolution
		SolutionGuid = {3A42A0EB-B502-4723-A344-C5C2C2C4BF6B}
	EndGlobalSection
EndGlobal
